// !$*UTF8*$!
{
	archiveVersion = 1;
	classes = {
	};
	objectVersion = 56;
	objects = {

/* Begin PBXBuildFile section */
		986136F32BB2CD3D00ACDBFD /* testAppApp.swift in Sources */ = {isa = PBXBuildFile; fileRef = 986136F22BB2CD3D00ACDBFD /* testAppApp.swift */; };
		986136F72BB2CD3F00ACDBFD /* Assets.xcassets in Resources */ = {isa = PBXBuildFile; fileRef = 986136F62BB2CD3F00ACDBFD /* Assets.xcassets */; };
		986136FA2BB2CD3F00ACDBFD /* Preview Assets.xcassets in Resources */ = {isa = PBXBuildFile; fileRef = 986136F92BB2CD3F00ACDBFD /* Preview Assets.xcassets */; };
		986136FF2BB2CD3F00ACDBFD /* testApp.xcdatamodeld in Sources */ = {isa = PBXBuildFile; fileRef = 986136FD2BB2CD3F00ACDBFD /* testApp.xcdatamodeld */; };
		986137062BB2F22500ACDBFD /* PlaceItemView.swift in Sources */ = {isa = PBXBuildFile; fileRef = 986137052BB2F22500ACDBFD /* PlaceItemView.swift */; };
		9861370C2BB303A400ACDBFD /* PlaceItemResponse.swift in Sources */ = {isa = PBXBuildFile; fileRef = 9861370B2BB303A400ACDBFD /* PlaceItemResponse.swift */; };
		9861370E2BB304BA00ACDBFD /* PlaceDataSource.swift in Sources */ = {isa = PBXBuildFile; fileRef = 9861370D2BB304BA00ACDBFD /* PlaceDataSource.swift */; };
		986137112BB308A400ACDBFD /* Consts.swift in Sources */ = {isa = PBXBuildFile; fileRef = 986137102BB308A400ACDBFD /* Consts.swift */; };
		986137132BB30C1000ACDBFD /* PlaceMapper.swift in Sources */ = {isa = PBXBuildFile; fileRef = 986137122BB30C1000ACDBFD /* PlaceMapper.swift */; };
		986137152BB30CCB00ACDBFD /* PlaceItem.swift in Sources */ = {isa = PBXBuildFile; fileRef = 986137142BB30CCB00ACDBFD /* PlaceItem.swift */; };
		986137172BB30CD700ACDBFD /* Failure.swift in Sources */ = {isa = PBXBuildFile; fileRef = 986137162BB30CD700ACDBFD /* Failure.swift */; };
		9861371B2BB30F6A00ACDBFD /* HomeViewModel.swift in Sources */ = {isa = PBXBuildFile; fileRef = 9861371A2BB30F6A00ACDBFD /* HomeViewModel.swift */; };
		9861371D2BB3101100ACDBFD /* HomeView.swift in Sources */ = {isa = PBXBuildFile; fileRef = 9861371C2BB3101100ACDBFD /* HomeView.swift */; };
		986137202BB42A9D00ACDBFD /* GetAllPlacesStates.swift in Sources */ = {isa = PBXBuildFile; fileRef = 9861371F2BB42A9D00ACDBFD /* GetAllPlacesStates.swift */; };
		986137232BB441EA00ACDBFD /* DetailViewModel.swift in Sources */ = {isa = PBXBuildFile; fileRef = 986137222BB441EA00ACDBFD /* DetailViewModel.swift */; };
		986137252BB441FE00ACDBFD /* DetailVIew.swift in Sources */ = {isa = PBXBuildFile; fileRef = 986137242BB441FE00ACDBFD /* DetailVIew.swift */; };
		986137272BB4427100ACDBFD /* PlaceDetail.swift in Sources */ = {isa = PBXBuildFile; fileRef = 986137262BB4427100ACDBFD /* PlaceDetail.swift */; };
		986137292BB446EF00ACDBFD /* PlaceDetailResponse.swift in Sources */ = {isa = PBXBuildFile; fileRef = 986137282BB446EF00ACDBFD /* PlaceDetailResponse.swift */; };
/* End PBXBuildFile section */

/* Begin PBXFileReference section */
		986136EF2BB2CD3D00ACDBFD /* testApp.app */ = {isa = PBXFileReference; explicitFileType = wrapper.application; includeInIndex = 0; path = testApp.app; sourceTree = BUILT_PRODUCTS_DIR; };
		986136F22BB2CD3D00ACDBFD /* testAppApp.swift */ = {isa = PBXFileReference; lastKnownFileType = sourcecode.swift; path = testAppApp.swift; sourceTree = "<group>"; };
		986136F62BB2CD3F00ACDBFD /* Assets.xcassets */ = {isa = PBXFileReference; lastKnownFileType = folder.assetcatalog; path = Assets.xcassets; sourceTree = "<group>"; };
		986136F92BB2CD3F00ACDBFD /* Preview Assets.xcassets */ = {isa = PBXFileReference; lastKnownFileType = folder.assetcatalog; path = "Preview Assets.xcassets"; sourceTree = "<group>"; };
		986136FE2BB2CD3F00ACDBFD /* testApp.xcdatamodel */ = {isa = PBXFileReference; lastKnownFileType = wrapper.xcdatamodel; path = testApp.xcdatamodel; sourceTree = "<group>"; };
		986137052BB2F22500ACDBFD /* PlaceItemView.swift */ = {isa = PBXFileReference; lastKnownFileType = sourcecode.swift; path = PlaceItemView.swift; sourceTree = "<group>"; };
		9861370B2BB303A400ACDBFD /* PlaceItemResponse.swift */ = {isa = PBXFileReference; lastKnownFileType = sourcecode.swift; path = PlaceItemResponse.swift; sourceTree = "<group>"; };
		9861370D2BB304BA00ACDBFD /* PlaceDataSource.swift */ = {isa = PBXFileReference; lastKnownFileType = sourcecode.swift; path = PlaceDataSource.swift; sourceTree = "<group>"; };
		986137102BB308A400ACDBFD /* Consts.swift */ = {isa = PBXFileReference; lastKnownFileType = sourcecode.swift; path = Consts.swift; sourceTree = "<group>"; };
		986137122BB30C1000ACDBFD /* PlaceMapper.swift */ = {isa = PBXFileReference; lastKnownFileType = sourcecode.swift; path = PlaceMapper.swift; sourceTree = "<group>"; };
		986137142BB30CCB00ACDBFD /* PlaceItem.swift */ = {isa = PBXFileReference; lastKnownFileType = sourcecode.swift; path = PlaceItem.swift; sourceTree = "<group>"; };
		986137162BB30CD700ACDBFD /* Failure.swift */ = {isa = PBXFileReference; lastKnownFileType = sourcecode.swift; path = Failure.swift; sourceTree = "<group>"; };
		9861371A2BB30F6A00ACDBFD /* HomeViewModel.swift */ = {isa = PBXFileReference; lastKnownFileType = sourcecode.swift; path = HomeViewModel.swift; sourceTree = "<group>"; };
		9861371C2BB3101100ACDBFD /* HomeView.swift */ = {isa = PBXFileReference; lastKnownFileType = sourcecode.swift; path = HomeView.swift; sourceTree = "<group>"; };
		9861371F2BB42A9D00ACDBFD /* GetAllPlacesStates.swift */ = {isa = PBXFileReference; lastKnownFileType = sourcecode.swift; path = GetAllPlacesStates.swift; sourceTree = "<group>"; };
		986137222BB441EA00ACDBFD /* DetailViewModel.swift */ = {isa = PBXFileReference; lastKnownFileType = sourcecode.swift; path = DetailViewModel.swift; sourceTree = "<group>"; };
		986137242BB441FE00ACDBFD /* DetailVIew.swift */ = {isa = PBXFileReference; lastKnownFileType = sourcecode.swift; path = DetailVIew.swift; sourceTree = "<group>"; };
		986137262BB4427100ACDBFD /* PlaceDetail.swift */ = {isa = PBXFileReference; lastKnownFileType = sourcecode.swift; path = PlaceDetail.swift; sourceTree = "<group>"; };
		986137282BB446EF00ACDBFD /* PlaceDetailResponse.swift */ = {isa = PBXFileReference; lastKnownFileType = sourcecode.swift; path = PlaceDetailResponse.swift; sourceTree = "<group>"; };
/* End PBXFileReference section */

/* Begin PBXFrameworksBuildPhase section */
		986136EC2BB2CD3D00ACDBFD /* Frameworks */ = {
			isa = PBXFrameworksBuildPhase;
			buildActionMask = 2147483647;
			files = (
			);
			runOnlyForDeploymentPostprocessing = 0;
		};
/* End PBXFrameworksBuildPhase section */

/* Begin PBXGroup section */
		986136E62BB2CD3D00ACDBFD = {
			isa = PBXGroup;
			children = (
				986136F12BB2CD3D00ACDBFD /* testApp */,
				986136F02BB2CD3D00ACDBFD /* Products */,
			);
			sourceTree = "<group>";
		};
		986136F02BB2CD3D00ACDBFD /* Products */ = {
			isa = PBXGroup;
			children = (
				986136EF2BB2CD3D00ACDBFD /* testApp.app */,
			);
			name = Products;
			sourceTree = "<group>";
		};
		986136F12BB2CD3D00ACDBFD /* testApp */ = {
			isa = PBXGroup;
			children = (
				986137182BB30F3900ACDBFD /* Presentation */,
				9861370F2BB3088100ACDBFD /* utils */,
				9861370A2BB3035900ACDBFD /* Models */,
				986137092BB3034400ACDBFD /* Mapper */,
				986137072BB3031500ACDBFD /* datasource */,
				986137052BB2F22500ACDBFD /* PlaceItemView.swift */,
				986136F22BB2CD3D00ACDBFD /* testAppApp.swift */,
				986136F62BB2CD3F00ACDBFD /* Assets.xcassets */,
				986136FD2BB2CD3F00ACDBFD /* testApp.xcdatamodeld */,
				986136F82BB2CD3F00ACDBFD /* Preview Content */,
			);
			path = testApp;
			sourceTree = "<group>";
		};
		986136F82BB2CD3F00ACDBFD /* Preview Content */ = {
			isa = PBXGroup;
			children = (
				986136F92BB2CD3F00ACDBFD /* Preview Assets.xcassets */,
			);
			path = "Preview Content";
			sourceTree = "<group>";
		};
		986137072BB3031500ACDBFD /* datasource */ = {
			isa = PBXGroup;
			children = (
				986137082BB3032200ACDBFD /* Models */,
				9861370D2BB304BA00ACDBFD /* PlaceDataSource.swift */,
			);
			path = datasource;
			sourceTree = "<group>";
		};
		986137082BB3032200ACDBFD /* Models */ = {
			isa = PBXGroup;
			children = (
				9861370B2BB303A400ACDBFD /* PlaceItemResponse.swift */,
			);
			path = Models;
			sourceTree = "<group>";
		};
		986137092BB3034400ACDBFD /* Mapper */ = {
			isa = PBXGroup;
			children = (
				986137122BB30C1000ACDBFD /* PlaceMapper.swift */,
			);
			path = Mapper;
			sourceTree = "<group>";
		};
		9861370A2BB3035900ACDBFD /* Models */ = {
			isa = PBXGroup;
			children = (
				986137142BB30CCB00ACDBFD /* PlaceItem.swift */,
				986137162BB30CD700ACDBFD /* Failure.swift */,
				986137262BB4427100ACDBFD /* PlaceDetail.swift */,
				986137282BB446EF00ACDBFD /* PlaceDetailResponse.swift */,
			);
			path = Models;
			sourceTree = "<group>";
		};
		9861370F2BB3088100ACDBFD /* utils */ = {
			isa = PBXGroup;
			children = (
				986137102BB308A400ACDBFD /* Consts.swift */,
			);
			path = utils;
			sourceTree = "<group>";
		};
		986137182BB30F3900ACDBFD /* Presentation */ = {
			isa = PBXGroup;
			children = (
				986137212BB43E7100ACDBFD /* details */,
				986137192BB30F4500ACDBFD /* Home */,
			);
			path = Presentation;
			sourceTree = "<group>";
		};
		986137192BB30F4500ACDBFD /* Home */ = {
			isa = PBXGroup;
			children = (
				9861371E2BB42A6100ACDBFD /* states */,
				9861371A2BB30F6A00ACDBFD /* HomeViewModel.swift */,
				9861371C2BB3101100ACDBFD /* HomeView.swift */,
			);
			path = Home;
			sourceTree = "<group>";
		};
		9861371E2BB42A6100ACDBFD /* states */ = {
			isa = PBXGroup;
			children = (
				9861371F2BB42A9D00ACDBFD /* GetAllPlacesStates.swift */,
			);
			path = states;
			sourceTree = "<group>";
		};
		986137212BB43E7100ACDBFD /* details */ = {
			isa = PBXGroup;
			children = (
				986137222BB441EA00ACDBFD /* DetailViewModel.swift */,
				986137242BB441FE00ACDBFD /* DetailVIew.swift */,
			);
			path = details;
			sourceTree = "<group>";
		};
/* End PBXGroup section */

/* Begin PBXNativeTarget section */
		986136EE2BB2CD3D00ACDBFD /* testApp */ = {
			isa = PBXNativeTarget;
			buildConfigurationList = 986137022BB2CD3F00ACDBFD /* Build configuration list for PBXNativeTarget "testApp" */;
			buildPhases = (
				986136EB2BB2CD3D00ACDBFD /* Sources */,
				986136EC2BB2CD3D00ACDBFD /* Frameworks */,
				986136ED2BB2CD3D00ACDBFD /* Resources */,
			);
			buildRules = (
			);
			dependencies = (
			);
			name = testApp;
			productName = testApp;
			productReference = 986136EF2BB2CD3D00ACDBFD /* testApp.app */;
			productType = "com.apple.product-type.application";
		};
/* End PBXNativeTarget section */

/* Begin PBXProject section */
		986136E72BB2CD3D00ACDBFD /* Project object */ = {
			isa = PBXProject;
			attributes = {
				BuildIndependentTargetsInParallel = 1;
				LastSwiftUpdateCheck = 1430;
				LastUpgradeCheck = 1430;
				TargetAttributes = {
					986136EE2BB2CD3D00ACDBFD = {
						CreatedOnToolsVersion = 14.3.1;
					};
				};
			};
			buildConfigurationList = 986136EA2BB2CD3D00ACDBFD /* Build configuration list for PBXProject "testApp" */;
			compatibilityVersion = "Xcode 14.0";
			developmentRegion = en;
			hasScannedForEncodings = 0;
			knownRegions = (
				en,
				Base,
			);
			mainGroup = 986136E62BB2CD3D00ACDBFD;
			productRefGroup = 986136F02BB2CD3D00ACDBFD /* Products */;
			projectDirPath = "";
			projectRoot = "";
			targets = (
				986136EE2BB2CD3D00ACDBFD /* testApp */,
			);
		};
/* End PBXProject section */

/* Begin PBXResourcesBuildPhase section */
		986136ED2BB2CD3D00ACDBFD /* Resources */ = {
			isa = PBXResourcesBuildPhase;
			buildActionMask = 2147483647;
			files = (
				986136FA2BB2CD3F00ACDBFD /* Preview Assets.xcassets in Resources */,
				986136F72BB2CD3F00ACDBFD /* Assets.xcassets in Resources */,
			);
			runOnlyForDeploymentPostprocessing = 0;
		};
/* End PBXResourcesBuildPhase section */

/* Begin PBXSourcesBuildPhase section */
		986136EB2BB2CD3D00ACDBFD /* Sources */ = {
			isa = PBXSourcesBuildPhase;
			buildActionMask = 2147483647;
			files = (
				986137172BB30CD700ACDBFD /* Failure.swift in Sources */,
				9861371B2BB30F6A00ACDBFD /* HomeViewModel.swift in Sources */,
				986136FF2BB2CD3F00ACDBFD /* testApp.xcdatamodeld in Sources */,
				9861370C2BB303A400ACDBFD /* PlaceItemResponse.swift in Sources */,
				986137202BB42A9D00ACDBFD /* GetAllPlacesStates.swift in Sources */,
				9861370E2BB304BA00ACDBFD /* PlaceDataSource.swift in Sources */,
				986137062BB2F22500ACDBFD /* PlaceItemView.swift in Sources */,
				986137112BB308A400ACDBFD /* Consts.swift in Sources */,
				986137132BB30C1000ACDBFD /* PlaceMapper.swift in Sources */,
				986137272BB4427100ACDBFD /* PlaceDetail.swift in Sources */,
				986137232BB441EA00ACDBFD /* DetailViewModel.swift in Sources */,
				986137292BB446EF00ACDBFD /* PlaceDetailResponse.swift in Sources */,
				9861371D2BB3101100ACDBFD /* HomeView.swift in Sources */,
				986136F32BB2CD3D00ACDBFD /* testAppApp.swift in Sources */,
				986137152BB30CCB00ACDBFD /* PlaceItem.swift in Sources */,
				986137252BB441FE00ACDBFD /* DetailVIew.swift in Sources */,
			);
			runOnlyForDeploymentPostprocessing = 0;
		};
/* End PBXSourcesBuildPhase section */

/* Begin XCBuildConfiguration section */
		986137002BB2CD3F00ACDBFD /* Debug */ = {
			isa = XCBuildConfiguration;
			buildSettings = {
				ALWAYS_SEARCH_USER_PATHS = NO;
				CLANG_ANALYZER_NONNULL = YES;
				CLANG_ANALYZER_NUMBER_OBJECT_CONVERSION = YES_AGGRESSIVE;
				CLANG_CXX_LANGUAGE_STANDARD = "gnu++20";
				CLANG_ENABLE_MODULES = YES;
				CLANG_ENABLE_OBJC_ARC = YES;
				CLANG_ENABLE_OBJC_WEAK = YES;
				CLANG_WARN_BLOCK_CAPTURE_AUTORELEASING = YES;
				CLANG_WARN_BOOL_CONVERSION = YES;
				CLANG_WARN_COMMA = YES;
				CLANG_WARN_CONSTANT_CONVERSION = YES;
				CLANG_WARN_DEPRECATED_OBJC_IMPLEMENTATIONS = YES;
				CLANG_WARN_DIRECT_OBJC_ISA_USAGE = YES_ERROR;
				CLANG_WARN_DOCUMENTATION_COMMENTS = YES;
				CLANG_WARN_EMPTY_BODY = YES;
				CLANG_WARN_ENUM_CONVERSION = YES;
				CLANG_WARN_INFINITE_RECURSION = YES;
				CLANG_WARN_INT_CONVERSION = YES;
				CLANG_WARN_NON_LITERAL_NULL_CONVERSION = YES;
				CLANG_WARN_OBJC_IMPLICIT_RETAIN_SELF = YES;
				CLANG_WARN_OBJC_LITERAL_CONVERSION = YES;
				CLANG_WARN_OBJC_ROOT_CLASS = YES_ERROR;
				CLANG_WARN_QUOTED_INCLUDE_IN_FRAMEWORK_HEADER = YES;
				CLANG_WARN_RANGE_LOOP_ANALYSIS = YES;
				CLANG_WARN_STRICT_PROTOTYPES = YES;
				CLANG_WARN_SUSPICIOUS_MOVE = YES;
				CLANG_WARN_UNGUARDED_AVAILABILITY = YES_AGGRESSIVE;
				CLANG_WARN_UNREACHABLE_CODE = YES;
				CLANG_WARN__DUPLICATE_METHOD_MATCH = YES;
				COPY_PHASE_STRIP = NO;
				DEBUG_INFORMATION_FORMAT = dwarf;
				ENABLE_STRICT_OBJC_MSGSEND = YES;
				ENABLE_TESTABILITY = YES;
				GCC_C_LANGUAGE_STANDARD = gnu11;
				GCC_DYNAMIC_NO_PIC = NO;
				GCC_NO_COMMON_BLOCKS = YES;
				GCC_OPTIMIZATION_LEVEL = 0;
				GCC_PREPROCESSOR_DEFINITIONS = (
					"DEBUG=1",
					"$(inherited)",
				);
				GCC_WARN_64_TO_32_BIT_CONVERSION = YES;
				GCC_WARN_ABOUT_RETURN_TYPE = YES_ERROR;
				GCC_WARN_UNDECLARED_SELECTOR = YES;
				GCC_WARN_UNINITIALIZED_AUTOS = YES_AGGRESSIVE;
				GCC_WARN_UNUSED_FUNCTION = YES;
				GCC_WARN_UNUSED_VARIABLE = YES;
				IPHONEOS_DEPLOYMENT_TARGET = 16.4;
				MTL_ENABLE_DEBUG_INFO = INCLUDE_SOURCE;
				MTL_FAST_MATH = YES;
				ONLY_ACTIVE_ARCH = YES;
				SDKROOT = iphoneos;
				SWIFT_ACTIVE_COMPILATION_CONDITIONS = DEBUG;
				SWIFT_OPTIMIZATION_LEVEL = "-Onone";
			};
			name = Debug;
		};
		986137012BB2CD3F00ACDBFD /* Release */ = {
			isa = XCBuildConfiguration;
			buildSettings = {
				ALWAYS_SEARCH_USER_PATHS = NO;
				CLANG_ANALYZER_NONNULL = YES;
				CLANG_ANALYZER_NUMBER_OBJECT_CONVERSION = YES_AGGRESSIVE;
				CLANG_CXX_LANGUAGE_STANDARD = "gnu++20";
				CLANG_ENABLE_MODULES = YES;
				CLANG_ENABLE_OBJC_ARC = YES;
				CLANG_ENABLE_OBJC_WEAK = YES;
				CLANG_WARN_BLOCK_CAPTURE_AUTORELEASING = YES;
				CLANG_WARN_BOOL_CONVERSION = YES;
				CLANG_WARN_COMMA = YES;
				CLANG_WARN_CONSTANT_CONVERSION = YES;
				CLANG_WARN_DEPRECATED_OBJC_IMPLEMENTATIONS = YES;
				CLANG_WARN_DIRECT_OBJC_ISA_USAGE = YES_ERROR;
				CLANG_WARN_DOCUMENTATION_COMMENTS = YES;
				CLANG_WARN_EMPTY_BODY = YES;
				CLANG_WARN_ENUM_CONVERSION = YES;
				CLANG_WARN_INFINITE_RECURSION = YES;
				CLANG_WARN_INT_CONVERSION = YES;
				CLANG_WARN_NON_LITERAL_NULL_CONVERSION = YES;
				CLANG_WARN_OBJC_IMPLICIT_RETAIN_SELF = YES;
				CLANG_WARN_OBJC_LITERAL_CONVERSION = YES;
				CLANG_WARN_OBJC_ROOT_CLASS = YES_ERROR;
				CLANG_WARN_QUOTED_INCLUDE_IN_FRAMEWORK_HEADER = YES;
				CLANG_WARN_RANGE_LOOP_ANALYSIS = YES;
				CLANG_WARN_STRICT_PROTOTYPES = YES;
				CLANG_WARN_SUSPICIOUS_MOVE = YES;
				CLANG_WARN_UNGUARDED_AVAILABILITY = YES_AGGRESSIVE;
				CLANG_WARN_UNREACHABLE_CODE = YES;
				CLANG_WARN__DUPLICATE_METHOD_MATCH = YES;
				COPY_PHASE_STRIP = NO;
				DEBUG_INFORMATION_FORMAT = "dwarf-with-dsym";
				ENABLE_NS_ASSERTIONS = NO;
				ENABLE_STRICT_OBJC_MSGSEND = YES;
				GCC_C_LANGUAGE_STANDARD = gnu11;
				GCC_NO_COMMON_BLOCKS = YES;
				GCC_WARN_64_TO_32_BIT_CONVERSION = YES;
				GCC_WARN_ABOUT_RETURN_TYPE = YES_ERROR;
				GCC_WARN_UNDECLARED_SELECTOR = YES;
				GCC_WARN_UNINITIALIZED_AUTOS = YES_AGGRESSIVE;
				GCC_WARN_UNUSED_FUNCTION = YES;
				GCC_WARN_UNUSED_VARIABLE = YES;
				IPHONEOS_DEPLOYMENT_TARGET = 16.4;
				MTL_ENABLE_DEBUG_INFO = NO;
				MTL_FAST_MATH = YES;
				SDKROOT = iphoneos;
				SWIFT_COMPILATION_MODE = wholemodule;
				SWIFT_OPTIMIZATION_LEVEL = "-O";
				VALIDATE_PRODUCT = YES;
			};
			name = Release;
		};
		986137032BB2CD3F00ACDBFD /* Debug */ = {
			isa = XCBuildConfiguration;
			buildSettings = {
				ASSETCATALOG_COMPILER_APPICON_NAME = AppIcon;
				ASSETCATALOG_COMPILER_GLOBAL_ACCENT_COLOR_NAME = AccentColor;
				CODE_SIGN_STYLE = Automatic;
				CURRENT_PROJECT_VERSION = 1;
				DEVELOPMENT_ASSET_PATHS = "\"testApp/Preview Content\"";
				DEVELOPMENT_TEAM = L5T7DN6249;
				ENABLE_PREVIEWS = YES;
				GENERATE_INFOPLIST_FILE = YES;
				INFOPLIST_KEY_UIApplicationSceneManifest_Generation = YES;
				INFOPLIST_KEY_UIApplicationSupportsIndirectInputEvents = YES;
				INFOPLIST_KEY_UILaunchScreen_Generation = YES;
				INFOPLIST_KEY_UISupportedInterfaceOrientations_iPad = "UIInterfaceOrientationPortrait UIInterfaceOrientationPortraitUpsideDown UIInterfaceOrientationLandscapeLeft UIInterfaceOrientationLandscapeRight";
				INFOPLIST_KEY_UISupportedInterfaceOrientations_iPhone = "UIInterfaceOrientationPortrait UIInterfaceOrientationLandscapeLeft UIInterfaceOrientationLandscapeRight";
				LD_RUNPATH_SEARCH_PATHS = (
					"$(inherited)",
					"@executable_path/Frameworks",
				);
				MARKETING_VERSION = 1.0;
				PRODUCT_BUNDLE_IDENTIFIER = com.testmpdam.testApp;
				PRODUCT_NAME = "$(TARGET_NAME)";
				SWIFT_EMIT_LOC_STRINGS = YES;
				SWIFT_VERSION = 5.0;
				TARGETED_DEVICE_FAMILY = "1,2";
			};
			name = Debug;
		};
		986137042BB2CD3F00ACDBFD /* Release */ = {
			isa = XCBuildConfiguration;
			buildSettings = {
				ASSETCATALOG_COMPILER_APPICON_NAME = AppIcon;
				ASSETCATALOG_COMPILER_GLOBAL_ACCENT_COLOR_NAME = AccentColor;
				CODE_SIGN_STYLE = Automatic;
				CURRENT_PROJECT_VERSION = 1;
				DEVELOPMENT_ASSET_PATHS = "\"testApp/Preview Content\"";
				DEVELOPMENT_TEAM = L5T7DN6249;
				ENABLE_PREVIEWS = YES;
				GENERATE_INFOPLIST_FILE = YES;
				INFOPLIST_KEY_UIApplicationSceneManifest_Generation = YES;
				INFOPLIST_KEY_UIApplicationSupportsIndirectInputEvents = YES;
				INFOPLIST_KEY_UILaunchScreen_Generation = YES;
				INFOPLIST_KEY_UISupportedInterfaceOrientations_iPad = "UIInterfaceOrientationPortrait UIInterfaceOrientationPortraitUpsideDown UIInterfaceOrientationLandscapeLeft UIInterfaceOrientationLandscapeRight";
				INFOPLIST_KEY_UISupportedInterfaceOrientations_iPhone = "UIInterfaceOrientationPortrait UIInterfaceOrientationLandscapeLeft UIInterfaceOrientationLandscapeRight";
				LD_RUNPATH_SEARCH_PATHS = (
					"$(inherited)",
					"@executable_path/Frameworks",
				);
				MARKETING_VERSION = 1.0;
				PRODUCT_BUNDLE_IDENTIFIER = com.testmpdam.testApp;
				PRODUCT_NAME = "$(TARGET_NAME)";
				SWIFT_EMIT_LOC_STRINGS = YES;
				SWIFT_VERSION = 5.0;
				TARGETED_DEVICE_FAMILY = "1,2";
			};
			name = Release;
		};
/* End XCBuildConfiguration section */

/* Begin XCConfigurationList section */
		986136EA2BB2CD3D00ACDBFD /* Build configuration list for PBXProject "testApp" */ = {
			isa = XCConfigurationList;
			buildConfigurations = (
				986137002BB2CD3F00ACDBFD /* Debug */,
				986137012BB2CD3F00ACDBFD /* Release */,
			);
			defaultConfigurationIsVisible = 0;
			defaultConfigurationName = Release;
		};
		986137022BB2CD3F00ACDBFD /* Build configuration list for PBXNativeTarget "testApp" */ = {
			isa = XCConfigurationList;
			buildConfigurations = (
				986137032BB2CD3F00ACDBFD /* Debug */,
				986137042BB2CD3F00ACDBFD /* Release */,
			);
			defaultConfigurationIsVisible = 0;
			defaultConfigurationName = Release;
		};
/* End XCConfigurationList section */

/* Begin XCVersionGroup section */
		986136FD2BB2CD3F00ACDBFD /* testApp.xcdatamodeld */ = {
			isa = XCVersionGroup;
			children = (
				986136FE2BB2CD3F00ACDBFD /* testApp.xcdatamodel */,
			);
			currentVersion = 986136FE2BB2CD3F00ACDBFD /* testApp.xcdatamodel */;
			path = testApp.xcdatamodeld;
			sourceTree = "<group>";
			versionGroupType = wrapper.xcdatamodel;
		};
/* End XCVersionGroup section */
	};
	rootObject = 986136E72BB2CD3D00ACDBFD /* Project object */;
}
